
Microsoft Visual Studio Solution File, Format Version 12.00
# Visual Studio Version 17
VisualStudioVersion = 17.7.34031.279
MinimumVisualStudioVersion = 10.0.40219.1
Project("{2150E333-8FDC-42A3-9474-1A3956D46DE8}") = "Services", "Services", "{31390B76-6F7C-48F8-9A19-866CE1C67E79}"
EndProject
Project("{2150E333-8FDC-42A3-9474-1A3956D46DE8}") = "Catalog", "Catalog", "{51D268FD-946A-4A06-AAE0-E32E18BC31F2}"
EndProject
Project("{9A19103F-16F7-4668-BE54-9A1E7A4F7556}") = "Catalog.API", "Services\Catalog\Catalog.API\Catalog.API.csproj", "{CEB6A091-D6E6-4BFD-A665-1A9B11291A2C}"
EndProject
Project("{E53339B2-1760-4266-BCC7-CA923CBCF16C}") = "docker-compose", "docker-compose.dcproj", "{E49E5B4C-7003-4A98-9E5E-A234328F968E}"
EndProject
Project("{2150E333-8FDC-42A3-9474-1A3956D46DE8}") = "Basket", "Basket", "{ADB4D989-70F7-4345-B249-1C8C8195FD1B}"
EndProject
Project("{9A19103F-16F7-4668-BE54-9A1E7A4F7556}") = "Basket.API", "Services\Basket\Basket.API\Basket.API.csproj", "{FE017A1F-1835-4AFB-AA75-5F5EE313D81C}"
EndProject
Project("{2150E333-8FDC-42A3-9474-1A3956D46DE8}") = "Discount", "Discount", "{B6BCA91F-BDDB-416F-8B08-74FEA6D92103}"
EndProject
Project("{9A19103F-16F7-4668-BE54-9A1E7A4F7556}") = "Discount.API", "Services\Discount\Discount.API\Discount.API.csproj", "{1C6F3847-91CC-4826-B70B-71B2C18E8399}"
EndProject
Project("{9A19103F-16F7-4668-BE54-9A1E7A4F7556}") = "Discount.Grpc", "Services\Discount\Discount.Grpc\Discount.Grpc.csproj", "{563A301C-B969-4656-8E68-A0DCFE2FA6D5}"
EndProject
Project("{2150E333-8FDC-42A3-9474-1A3956D46DE8}") = "Ordering", "Ordering", "{58DA94C7-9D2D-4A47-A88F-8D7AE4BB56BE}"
EndProject
Project("{9A19103F-16F7-4668-BE54-9A1E7A4F7556}") = "Ordering.API", "Services\Ordering\Ordering.API\Ordering.API.csproj", "{3549B210-FB62-48E7-B243-12F8FD0AD5E8}"
EndProject
Project("{9A19103F-16F7-4668-BE54-9A1E7A4F7556}") = "Ordering.Domain", "Services\Ordering\Ordering.Domain\Ordering.Domain.csproj", "{83844973-238F-4729-BC15-992A2924C0C1}"
EndProject
Project("{9A19103F-16F7-4668-BE54-9A1E7A4F7556}") = "Ordering.Application", "Services\Ordering\Ordering.Application\Ordering.Application.csproj", "{3B0F86A0-0092-4524-A0ED-AD19ABD6A950}"
EndProject
Project("{9A19103F-16F7-4668-BE54-9A1E7A4F7556}") = "Ordering.Infrastructure", "Services\Ordering\Ordering.Infrastructure\Ordering.Infrastructure.csproj", "{0B54461B-7498-4683-94C5-169931CB9CBF}"
EndProject
Project("{2150E333-8FDC-42A3-9474-1A3956D46DE8}") = "BuildingBlocks", "BuildingBlocks", "{B15CFB80-302D-433E-97F2-72BBD930C8BA}"
EndProject
Project("{9A19103F-16F7-4668-BE54-9A1E7A4F7556}") = "EventBus.Messages", "BuildingBlocks\EventBus.Messages\EventBus.Messages.csproj", "{145BE311-96BE-401A-B354-FD118CE36CDF}"
EndProject
Project("{2150E333-8FDC-42A3-9474-1A3956D46DE8}") = "ApiGateways", "ApiGateways", "{0FCDC854-FABD-4E79-986A-517F6869A006}"
EndProject
Project("{9A19103F-16F7-4668-BE54-9A1E7A4F7556}") = "OcelotApiGw", "ApiGateWays\OcelotApiGw\OcelotApiGw.csproj", "{D41A7CA2-5014-4155-99CE-DDC655FD3253}"
EndProject
Project("{9A19103F-16F7-4668-BE54-9A1E7A4F7556}") = "Shopping.Aggregator", "ApiGateways\Shopping.Aggregator\Shopping.Aggregator.csproj", "{0B86303B-0D83-4B19-8063-3E6FC5163F27}"
EndProject
Project("{2150E333-8FDC-42A3-9474-1A3956D46DE8}") = "Webapps", "Webapps", "{346E1EBE-5698-4589-B222-3E7036C60DA2}"
EndProject
Project("{9A19103F-16F7-4668-BE54-9A1E7A4F7556}") = "AspnetRunBasics", "WebApps\AspnetRunBasics\AspnetRunBasics.csproj", "{13DAEF52-A1D6-45A3-8730-7461561B35C1}"
EndProject
Global
	GlobalSection(SolutionConfigurationPlatforms) = preSolution
		Debug|Any CPU = Debug|Any CPU
		Release|Any CPU = Release|Any CPU
	EndGlobalSection
	GlobalSection(ProjectConfigurationPlatforms) = postSolution
		{CEB6A091-D6E6-4BFD-A665-1A9B11291A2C}.Debug|Any CPU.ActiveCfg = Debug|Any CPU
		{CEB6A091-D6E6-4BFD-A665-1A9B11291A2C}.Debug|Any CPU.Build.0 = Debug|Any CPU
		{CEB6A091-D6E6-4BFD-A665-1A9B11291A2C}.Release|Any CPU.ActiveCfg = Release|Any CPU
		{CEB6A091-D6E6-4BFD-A665-1A9B11291A2C}.Release|Any CPU.Build.0 = Release|Any CPU
		{E49E5B4C-7003-4A98-9E5E-A234328F968E}.Debug|Any CPU.ActiveCfg = Debug|Any CPU
		{E49E5B4C-7003-4A98-9E5E-A234328F968E}.Debug|Any CPU.Build.0 = Debug|Any CPU
		{E49E5B4C-7003-4A98-9E5E-A234328F968E}.Release|Any CPU.ActiveCfg = Release|Any CPU
		{E49E5B4C-7003-4A98-9E5E-A234328F968E}.Release|Any CPU.Build.0 = Release|Any CPU
		{FE017A1F-1835-4AFB-AA75-5F5EE313D81C}.Debug|Any CPU.ActiveCfg = Debug|Any CPU
		{FE017A1F-1835-4AFB-AA75-5F5EE313D81C}.Debug|Any CPU.Build.0 = Debug|Any CPU
		{FE017A1F-1835-4AFB-AA75-5F5EE313D81C}.Release|Any CPU.ActiveCfg = Release|Any CPU
		{FE017A1F-1835-4AFB-AA75-5F5EE313D81C}.Release|Any CPU.Build.0 = Release|Any CPU
		{1C6F3847-91CC-4826-B70B-71B2C18E8399}.Debug|Any CPU.ActiveCfg = Debug|Any CPU
		{1C6F3847-91CC-4826-B70B-71B2C18E8399}.Debug|Any CPU.Build.0 = Debug|Any CPU
		{1C6F3847-91CC-4826-B70B-71B2C18E8399}.Release|Any CPU.ActiveCfg = Release|Any CPU
		{1C6F3847-91CC-4826-B70B-71B2C18E8399}.Release|Any CPU.Build.0 = Release|Any CPU
		{563A301C-B969-4656-8E68-A0DCFE2FA6D5}.Debug|Any CPU.ActiveCfg = Debug|Any CPU
		{563A301C-B969-4656-8E68-A0DCFE2FA6D5}.Debug|Any CPU.Build.0 = Debug|Any CPU
		{563A301C-B969-4656-8E68-A0DCFE2FA6D5}.Release|Any CPU.ActiveCfg = Release|Any CPU
		{563A301C-B969-4656-8E68-A0DCFE2FA6D5}.Release|Any CPU.Build.0 = Release|Any CPU
		{3549B210-FB62-48E7-B243-12F8FD0AD5E8}.Debug|Any CPU.ActiveCfg = Debug|Any CPU
		{3549B210-FB62-48E7-B243-12F8FD0AD5E8}.Debug|Any CPU.Build.0 = Debug|Any CPU
		{3549B210-FB62-48E7-B243-12F8FD0AD5E8}.Release|Any CPU.ActiveCfg = Release|Any CPU
		{3549B210-FB62-48E7-B243-12F8FD0AD5E8}.Release|Any CPU.Build.0 = Release|Any CPU
		{83844973-238F-4729-BC15-992A2924C0C1}.Debug|Any CPU.ActiveCfg = Debug|Any CPU
		{83844973-238F-4729-BC15-992A2924C0C1}.Debug|Any CPU.Build.0 = Debug|Any CPU
		{83844973-238F-4729-BC15-992A2924C0C1}.Release|Any CPU.ActiveCfg = Release|Any CPU
		{83844973-238F-4729-BC15-992A2924C0C1}.Release|Any CPU.Build.0 = Release|Any CPU
		{3B0F86A0-0092-4524-A0ED-AD19ABD6A950}.Debug|Any CPU.ActiveCfg = Debug|Any CPU
		{3B0F86A0-0092-4524-A0ED-AD19ABD6A950}.Debug|Any CPU.Build.0 = Debug|Any CPU
		{3B0F86A0-0092-4524-A0ED-AD19ABD6A950}.Release|Any CPU.ActiveCfg = Release|Any CPU
		{3B0F86A0-0092-4524-A0ED-AD19ABD6A950}.Release|Any CPU.Build.0 = Release|Any CPU
		{0B54461B-7498-4683-94C5-169931CB9CBF}.Debug|Any CPU.ActiveCfg = Debug|Any CPU
		{0B54461B-7498-4683-94C5-169931CB9CBF}.Debug|Any CPU.Build.0 = Debug|Any CPU
		{0B54461B-7498-4683-94C5-169931CB9CBF}.Release|Any CPU.ActiveCfg = Release|Any CPU
		{0B54461B-7498-4683-94C5-169931CB9CBF}.Release|Any CPU.Build.0 = Release|Any CPU
		{145BE311-96BE-401A-B354-FD118CE36CDF}.Debug|Any CPU.ActiveCfg = Debug|Any CPU
		{145BE311-96BE-401A-B354-FD118CE36CDF}.Debug|Any CPU.Build.0 = Debug|Any CPU
		{145BE311-96BE-401A-B354-FD118CE36CDF}.Release|Any CPU.ActiveCfg = Release|Any CPU
		{145BE311-96BE-401A-B354-FD118CE36CDF}.Release|Any CPU.Build.0 = Release|Any CPU
		{D41A7CA2-5014-4155-99CE-DDC655FD3253}.Debug|Any CPU.ActiveCfg = Debug|Any CPU
		{D41A7CA2-5014-4155-99CE-DDC655FD3253}.Debug|Any CPU.Build.0 = Debug|Any CPU
		{D41A7CA2-5014-4155-99CE-DDC655FD3253}.Release|Any CPU.ActiveCfg = Release|Any CPU
		{D41A7CA2-5014-4155-99CE-DDC655FD3253}.Release|Any CPU.Build.0 = Release|Any CPU
		{0B86303B-0D83-4B19-8063-3E6FC5163F27}.Debug|Any CPU.ActiveCfg = Debug|Any CPU
		{0B86303B-0D83-4B19-8063-3E6FC5163F27}.Debug|Any CPU.Build.0 = Debug|Any CPU
		{0B86303B-0D83-4B19-8063-3E6FC5163F27}.Release|Any CPU.ActiveCfg = Release|Any CPU
		{0B86303B-0D83-4B19-8063-3E6FC5163F27}.Release|Any CPU.Build.0 = Release|Any CPU
		{13DAEF52-A1D6-45A3-8730-7461561B35C1}.Debug|Any CPU.ActiveCfg = Debug|Any CPU
		{13DAEF52-A1D6-45A3-8730-7461561B35C1}.Debug|Any CPU.Build.0 = Debug|Any CPU
		{13DAEF52-A1D6-45A3-8730-7461561B35C1}.Release|Any CPU.ActiveCfg = Release|Any CPU
		{13DAEF52-A1D6-45A3-8730-7461561B35C1}.Release|Any CPU.Build.0 = Release|Any CPU
	EndGlobalSection
	GlobalSection(SolutionProperties) = preSolution
		HideSolutionNode = FALSE
	EndGlobalSection
	GlobalSection(NestedProjects) = preSolution
		{51D268FD-946A-4A06-AAE0-E32E18BC31F2} = {31390B76-6F7C-48F8-9A19-866CE1C67E79}
		{CEB6A091-D6E6-4BFD-A665-1A9B11291A2C} = {51D268FD-946A-4A06-AAE0-E32E18BC31F2}
		{ADB4D989-70F7-4345-B249-1C8C8195FD1B} = {31390B76-6F7C-48F8-9A19-866CE1C67E79}
		{FE017A1F-1835-4AFB-AA75-5F5EE313D81C} = {ADB4D989-70F7-4345-B249-1C8C8195FD1B}
		{B6BCA91F-BDDB-416F-8B08-74FEA6D92103} = {31390B76-6F7C-48F8-9A19-866CE1C67E79}
		{1C6F3847-91CC-4826-B70B-71B2C18E8399} = {B6BCA91F-BDDB-416F-8B08-74FEA6D92103}
		{563A301C-B969-4656-8E68-A0DCFE2FA6D5} = {B6BCA91F-BDDB-416F-8B08-74FEA6D92103}
		{58DA94C7-9D2D-4A47-A88F-8D7AE4BB56BE} = {31390B76-6F7C-48F8-9A19-866CE1C67E79}
		{3549B210-FB62-48E7-B243-12F8FD0AD5E8} = {58DA94C7-9D2D-4A47-A88F-8D7AE4BB56BE}
		{83844973-238F-4729-BC15-992A2924C0C1} = {58DA94C7-9D2D-4A47-A88F-8D7AE4BB56BE}
		{3B0F86A0-0092-4524-A0ED-AD19ABD6A950} = {58DA94C7-9D2D-4A47-A88F-8D7AE4BB56BE}
		{0B54461B-7498-4683-94C5-169931CB9CBF} = {58DA94C7-9D2D-4A47-A88F-8D7AE4BB56BE}
		{145BE311-96BE-401A-B354-FD118CE36CDF} = {B15CFB80-302D-433E-97F2-72BBD930C8BA}
		{D41A7CA2-5014-4155-99CE-DDC655FD3253} = {0FCDC854-FABD-4E79-986A-517F6869A006}
		{0B86303B-0D83-4B19-8063-3E6FC5163F27} = {0FCDC854-FABD-4E79-986A-517F6869A006}
		{13DAEF52-A1D6-45A3-8730-7461561B35C1} = {346E1EBE-5698-4589-B222-3E7036C60DA2}
	EndGlobalSection
	GlobalSection(ExtensibilityGlobals) = postSolution
		SolutionGuid = {FA79F002-B31F-4EEB-9107-A8907CE1D163}
	EndGlobalSection
EndGlobal
